
Microsoft Visual Studio Solution File, Format Version 12.00
# Visual Studio Version 17
VisualStudioVersion = 17.9.34723.18
MinimumVisualStudioVersion = 10.0.40219.1
Project("{9A19103F-16F7-4668-BE54-9A1E7A4F7556}") = "CinemaTicketSeller", "CinemaTicketSeller.csproj", "{770F6197-387B-48E3-B85E-F96B50A2CB82}"
EndProject
Project("{54435603-DBB4-11D2-8724-00A0C9A8B90C}") = "Stup", "..\Stup\Stup.vdproj", "{C69057F4-D44C-4D66-AAB7-0DBE0FFB570F}"
EndProject
Global
	GlobalSection(SolutionConfigurationPlatforms) = preSolution
		Debug|Any CPU = Debug|Any CPU
		Release|Any CPU = Release|Any CPU
	EndGlobalSection
	GlobalSection(ProjectConfigurationPlatforms) = postSolution
		{770F6197-387B-48E3-B85E-F96B50A2CB82}.Debug|Any CPU.ActiveCfg = Debug|Any CPU
		{770F6197-387B-48E3-B85E-F96B50A2CB82}.Debug|Any CPU.Build.0 = Debug|Any CPU
		{770F6197-387B-48E3-B85E-F96B50A2CB82}.Release|Any CPU.ActiveCfg = Release|Any CPU
		{770F6197-387B-48E3-B85E-F96B50A2CB82}.Release|Any CPU.Build.0 = Release|Any CPU
		{C69057F4-D44C-4D66-AAB7-0DBE0FFB570F}.Debug|Any CPU.ActiveCfg = Debug
		{C69057F4-D44C-4D66-AAB7-0DBE0FFB570F}.Release|Any CPU.ActiveCfg = Release
	EndGlobalSection
	GlobalSection(SolutionProperties) = preSolution
		HideSolutionNode = FALSE
	EndGlobalSection
	GlobalSection(ExtensibilityGlobals) = postSolution
		SolutionGuid = {8B06C872-B0E3-4C1F-8CD7-61B277E2AC32}
	EndGlobalSection
EndGlobal
